<?xml version="1.0" encoding="utf-8"?>
<Project ToolsVersion="4.0" xmlns="http://schemas.microsoft.com/developer/msbuild/2003">
  <ItemGroup>
    <Filter Include="Source Files">
      <UniqueIdentifier>{4FC737F1-C7A5-4376-A066-2A32D752A2FF}</UniqueIdentifier>
      <Extensions>cpp;c;cc;cxx;def;odl;idl;hpj;bat;asm;asmx</Extensions>
    </Filter>
    <Filter Include="Header Files">
      <UniqueIdentifier>{93995380-89BD-4b04-88EB-625FBE52EBFB}</UniqueIdentifier>
      <Extensions>h;hpp;hxx;hm;inl;inc;xsd</Extensions>
    </Filter>
    <Filter Include="Resource Files">
      <UniqueIdentifier>{67DA6AB6-F800-4c08-8B7A-83BB121AAD01}</UniqueIdentifier>
      <Extensions>rc;ico;cur;bmp;dlg;rc2;rct;bin;rgs;gif;jpg;jpeg;jpe;resx;tiff;tif;png;wav;mfcribbon-ms</Extensions>
    </Filter>
    <Filter Include="Header Files\algos">
      <UniqueIdentifier>{faf739ea-89ef-4ea4-b6ba-0f5a19e9f4fc}</UniqueIdentifier>
    </Filter>
    <Filter Include="Source Files\algos">
      <UniqueIdentifier>{adfbe46d-7943-4be8-ad99-0cda36ec18e3}</UniqueIdentifier>
    </Filter>
    <Filter Include="Source Files\player types">
      <UniqueIdentifier>{aa943313-c0ad-42b8-a964-cba9ea4a06b0}</UniqueIdentifier>
    </Filter>
    <Filter Include="Header Files\player types">
      <UniqueIdentifier>{65a3b667-bdf9-45b6-8ec2-9b5bd4ed70fc}</UniqueIdentifier>
    </Filter>
  </ItemGroup>
  <ItemGroup>
    <ClCompile Include="main.cpp">
      <Filter>Source Files</Filter>
    </ClCompile>
    <ClCompile Include="AlgoFactory.cpp">
      <Filter>Source Files\algos</Filter>
    </ClCompile>
    <ClCompile Include="Computer.cpp">
      <Filter>Source Files\player types</Filter>
    </ClCompile>
    <ClCompile Include="Human.cpp">
      <Filter>Source Files\player types</Filter>
    </ClCompile>
    <ClCompile Include="LocalHuman.cpp">
      <Filter>Source Files\player types</Filter>
    </ClCompile>
    <ClCompile Include="RandomAlgo.cpp">
      <Filter>Source Files\algos</Filter>
    </ClCompile>
    <ClCompile Include="MemoryAllocator.cpp">
      <Filter>Source Files</Filter>
    </ClCompile>
  </ItemGroup>
  <ItemGroup>
    <ClInclude Include="utility.h">
      <Filter>Header Files</Filter>
    </ClInclude>
    <ClInclude Include="Algo.h">
      <Filter>Header Files\algos</Filter>
    </ClInclude>
    <ClInclude Include="AlgoFactory.h">
      <Filter>Header Files\algos</Filter>
    </ClInclude>
    <ClInclude Include="Computer.h">
      <Filter>Header Files\player types</Filter>
    </ClInclude>
    <ClInclude Include="Human.h">
      <Filter>Header Files\player types</Filter>
    </ClInclude>
    <ClInclude Include="LocalHuman.h">
      <Filter>Header Files\player types</Filter>
    </ClInclude>
    <ClInclude Include="Player.h">
      <Filter>Header Files\player types</Filter>
    </ClInclude>
    <ClInclude Include="..\interfaces\CommonEngine.h">
      <Filter>Header Files</Filter>
    </ClInclude>
    <ClInclude Include="RandomAlgo.h">
      <Filter>Header Files\algos</Filter>
    </ClInclude>
    <ClInclude Include="MemoryAllocator.h">
      <Filter>Header Files</Filter>
    </ClInclude>
  </ItemGroup>
</Project>